<Solution>
  <Project Path="HorizonRadio.Plugins.Abstractions/HorizonRadio.Plugins.Abstractions.csproj" />
  <Project Path="HorizonRadio.Core/HorizonRadio.Core.csproj" />
  <Project Path="HorizonRadio.Core.Tests/HorizonRadio.Core.Tests.csproj" />
  <Project Path="HorizonRadio.TitleModel/HorizonRadio.TitleModel.csproj" />
  <Project Path="HorizonRadio.UI/HorizonRadio.UI.csproj" />
  <Folder Name="/Plugins/Metadata/">
    <Project Path="Plugins/Metadata/HorizonRadio.Metadata.Apple/HorizonRadio.Metadata.Apple.csproj" />
    <Project Path="Plugins/Metadata/HorizonRadio.Metadata.MusicBrainz/HorizonRadio.Metadata.MusicBrainz.csproj" />
    <Project Path="Plugins/Metadata/HorizonRadio.Metadata.Spotify/HorizonRadio.Metadata.Spotify.csproj" />
    <Project Path="Plugins/Metadata/HorizonRadio.Metadata.VocaDB/HorizonRadio.Metadata.VocaDB.csproj" />
  </Folder>
  <Folder Name="/Plugins/Sources/">
    <Project Path="Plugins/Sources/HorizonRadio.Source.Local/HorizonRadio.Source.Local.csproj" />
    <Project Path="Plugins/Sources/HorizonRadio.Source.Radio/HorizonRadio.Source.Radio.csproj" />
    <Project Path="Plugins/Sources/HorizonRadio.Source.Spotify/HorizonRadio.Source.Spotify.csproj" />
    <Project Path="Plugins/Sources/HorizonRadio.Source.Test/HorizonRadio.Source.Test.csproj" />
    <Project Path="Plugins/Sources/HorizonRadio.Source.YouTube/HorizonRadio.Source.YouTube.csproj" />
  </Folder>
  <Folder Name="/Plugins/Tools/">
    <Project Path="Plugins/Tools/HorizonRadio.Tools.YtDlp/HorizonRadio.Tools.YtDlp.csproj" />
    <Project Path="Plugins/Tools/HorizonRadio.Tools.FFmpeg/HorizonRadio.Tools.FFmpeg.csproj" />
    <Project Path="Plugins/Tools/HorizonRadio.Tools.Librespot/HorizonRadio.Tools.Librespot.csproj" />
    <Project Path="Plugins/Tools/HorizonRadio.Tools.TitleModel/HorizonRadio.Tools.TitleModel.csproj" />
  </Folder>
</Solution>
