<Solution>
  <Project Path="HorizonRadio.Plugins.Abstractions/HorizonRadio.Plugins.Abstractions.csproj" />
  <Project Path="HorizonRadio.Core/HorizonRadio.Core.csproj" />
  <Project Path="HorizonRadio.Metadata.Apple/HorizonRadio.Metadata.Apple.csproj" />
  <Project Path="HorizonRadio.Metadata.MusicBrainz/HorizonRadio.Metadata.MusicBrainz.csproj" />
  <Project Path="HorizonRadio.Metadata.Spotify/HorizonRadio.Metadata.Spotify.csproj" />
  <Project Path="HorizonRadio.Metadata.VocaDB/HorizonRadio.Metadata.VocaDB.csproj" />
  <Project Path="HorizonRadio.Source.Local/HorizonRadio.Source.Local.csproj" />
  <Project Path="HorizonRadio.Source.Radio/HorizonRadio.Source.Radio.csproj" />
  <Project Path="HorizonRadio.Tools.YtDlp/HorizonRadio.Tools.YtDlp.csproj" />
  <Project Path="HorizonRadio.Tools.FFmpeg/HorizonRadio.Tools.FFmpeg.csproj" />
  <Project Path="HorizonRadio.Tools.Librespot/HorizonRadio.Tools.Librespot.csproj" />
  <Project Path="HorizonRadio.Tools.TitleModel/HorizonRadio.Tools.TitleModel.csproj" />
  <Project Path="HorizonRadio.Core.Tests/HorizonRadio.Core.Tests.csproj" />
  <Project Path="HorizonRadio.TitleModel/HorizonRadio.TitleModel.csproj" />
  <Project Path="HorizonRadio.UI/HorizonRadio.UI.csproj" />
</Solution>
